// !$*UTF8*$!
{
	archiveVersion = 1;
	classes = {
	};
	objectVersion = 55;
	objects = {

/* Begin PBXBuildFile section */
		5629AD3F29A2F23F0061A60F /* LoginView.swift in Sources */ = {isa = PBXBuildFile; fileRef = 5629AD3E29A2F23F0061A60F /* LoginView.swift */; };
		5629AD4229A331A50061A60F /* HexColors.swift in Sources */ = {isa = PBXBuildFile; fileRef = 5629AD4129A331A50061A60F /* HexColors.swift */; };
		5629AD4429A33B480061A60F /* SignUpView.swift in Sources */ = {isa = PBXBuildFile; fileRef = 5629AD4329A33B480061A60F /* SignUpView.swift */; };
		5638AFBD29A778370072A21B /* ForgotPasswordView.swift in Sources */ = {isa = PBXBuildFile; fileRef = 5638AFBC29A778370072A21B /* ForgotPasswordView.swift */; };
		5638AFC029A781840072A21B /* AppVariables.swift in Sources */ = {isa = PBXBuildFile; fileRef = 5638AFBF29A781840072A21B /* AppVariables.swift */; };
		5638AFC229A785C50072A21B /* TopBarView.swift in Sources */ = {isa = PBXBuildFile; fileRef = 5638AFC129A785C50072A21B /* TopBarView.swift */; };
		5638AFC429A786CC0072A21B /* SettingsView.swift in Sources */ = {isa = PBXBuildFile; fileRef = 5638AFC329A786CC0072A21B /* SettingsView.swift */; };
		5638AFC629AED7C70072A21B /* GoogleService-Info.plist in Resources */ = {isa = PBXBuildFile; fileRef = 5638AFC529AED7C70072A21B /* GoogleService-Info.plist */; };
		565C6CEA299C5DBD0026EE0E /* sitApp.swift in Sources */ = {isa = PBXBuildFile; fileRef = 565C6CE9299C5DBD0026EE0E /* sitApp.swift */; };
		565C6CEC299C5DBD0026EE0E /* ContentView.swift in Sources */ = {isa = PBXBuildFile; fileRef = 565C6CEB299C5DBD0026EE0E /* ContentView.swift */; };
		565C6CEE299C5DC00026EE0E /* Assets.xcassets in Resources */ = {isa = PBXBuildFile; fileRef = 565C6CED299C5DC00026EE0E /* Assets.xcassets */; };
		565C6CF1299C5DC00026EE0E /* Preview Assets.xcassets in Resources */ = {isa = PBXBuildFile; fileRef = 565C6CF0299C5DC00026EE0E /* Preview Assets.xcassets */; };
		565C6CFB299C5DC00026EE0E /* sitTests.swift in Sources */ = {isa = PBXBuildFile; fileRef = 565C6CFA299C5DC00026EE0E /* sitTests.swift */; };
		565C6D05299C5DC00026EE0E /* sitUITests.swift in Sources */ = {isa = PBXBuildFile; fileRef = 565C6D04299C5DC00026EE0E /* sitUITests.swift */; };
		565C6D07299C5DC00026EE0E /* sitUITestsLaunchTests.swift in Sources */ = {isa = PBXBuildFile; fileRef = 565C6D06299C5DC00026EE0E /* sitUITestsLaunchTests.swift */; };
		565C6D15299C5EC50026EE0E /* Podfile in Resources */ = {isa = PBXBuildFile; fileRef = 565C6D13299C5EC50026EE0E /* Podfile */; };
		565C6D16299C5EC50026EE0E /* README.md in Resources */ = {isa = PBXBuildFile; fileRef = 565C6D14299C5EC50026EE0E /* README.md */; };
		565C6D18299C5EF60026EE0E /* .gitignore in Resources */ = {isa = PBXBuildFile; fileRef = 565C6D17299C5EF60026EE0E /* .gitignore */; };
		566E74DC29A2CA320055C999 /* BottomBarView.swift in Sources */ = {isa = PBXBuildFile; fileRef = 566E74DB29A2CA320055C999 /* BottomBarView.swift */; };
		566E74DE29A2CC9A0055C999 /* HomeView.swift in Sources */ = {isa = PBXBuildFile; fileRef = 566E74DD29A2CC9A0055C999 /* HomeView.swift */; };
		566E74E029A2CCB50055C999 /* ScanView.swift in Sources */ = {isa = PBXBuildFile; fileRef = 566E74DF29A2CCB50055C999 /* ScanView.swift */; };
		566E74E229A2CCEC0055C999 /* ShodanView.swift in Sources */ = {isa = PBXBuildFile; fileRef = 566E74E129A2CCEC0055C999 /* ShodanView.swift */; };
		566E74E429A2CD050055C999 /* HistoryView.swift in Sources */ = {isa = PBXBuildFile; fileRef = 566E74E329A2CD050055C999 /* HistoryView.swift */; };
		56BFE4F129A2DDFE0079216D /* AuthenticationState.swift in Sources */ = {isa = PBXBuildFile; fileRef = 56BFE4F029A2DDFE0079216D /* AuthenticationState.swift */; };
		84FA7B56B797F883A8F67579 /* Pods_Security_Intelligence_Toolkit.framework in Frameworks */ = {isa = PBXBuildFile; fileRef = ECC5253E2F0D0A56D561149A /* Pods_Security_Intelligence_Toolkit.framework */; };
/* End PBXBuildFile section */

/* Begin PBXContainerItemProxy section */
		565C6CF7299C5DC00026EE0E /* PBXContainerItemProxy */ = {
			isa = PBXContainerItemProxy;
			containerPortal = 565C6CDE299C5DBD0026EE0E /* Project object */;
			proxyType = 1;
			remoteGlobalIDString = 565C6CE5299C5DBD0026EE0E;
			remoteInfo = sit;
		};
		565C6D01299C5DC00026EE0E /* PBXContainerItemProxy */ = {
			isa = PBXContainerItemProxy;
			containerPortal = 565C6CDE299C5DBD0026EE0E /* Project object */;
			proxyType = 1;
			remoteGlobalIDString = 565C6CE5299C5DBD0026EE0E;
			remoteInfo = sit;
		};
/* End PBXContainerItemProxy section */

/* Begin PBXFileReference section */
		034C9069B70AC06E59B457E9 /* Pods-Security Intelligence Toolkit.debug.xcconfig */ = {isa = PBXFileReference; includeInIndex = 1; lastKnownFileType = text.xcconfig; name = "Pods-Security Intelligence Toolkit.debug.xcconfig"; path = "Target Support Files/Pods-Security Intelligence Toolkit/Pods-Security Intelligence Toolkit.debug.xcconfig"; sourceTree = "<group>"; };
		40809381BE17B7CC4A7872DC /* Pods-Security Intelligence Toolkit.release.xcconfig */ = {isa = PBXFileReference; includeInIndex = 1; lastKnownFileType = text.xcconfig; name = "Pods-Security Intelligence Toolkit.release.xcconfig"; path = "Target Support Files/Pods-Security Intelligence Toolkit/Pods-Security Intelligence Toolkit.release.xcconfig"; sourceTree = "<group>"; };
		5629AD3E29A2F23F0061A60F /* LoginView.swift */ = {isa = PBXFileReference; lastKnownFileType = sourcecode.swift; path = LoginView.swift; sourceTree = "<group>"; };
		5629AD4129A331A50061A60F /* HexColors.swift */ = {isa = PBXFileReference; lastKnownFileType = sourcecode.swift; path = HexColors.swift; sourceTree = "<group>"; };
		5629AD4329A33B480061A60F /* SignUpView.swift */ = {isa = PBXFileReference; lastKnownFileType = sourcecode.swift; path = SignUpView.swift; sourceTree = "<group>"; };
		5638AFBC29A778370072A21B /* ForgotPasswordView.swift */ = {isa = PBXFileReference; lastKnownFileType = sourcecode.swift; path = ForgotPasswordView.swift; sourceTree = "<group>"; };
		5638AFBF29A781840072A21B /* AppVariables.swift */ = {isa = PBXFileReference; lastKnownFileType = sourcecode.swift; path = AppVariables.swift; sourceTree = "<group>"; };
		5638AFC129A785C50072A21B /* TopBarView.swift */ = {isa = PBXFileReference; lastKnownFileType = sourcecode.swift; path = TopBarView.swift; sourceTree = "<group>"; };
		5638AFC329A786CC0072A21B /* SettingsView.swift */ = {isa = PBXFileReference; lastKnownFileType = sourcecode.swift; path = SettingsView.swift; sourceTree = "<group>"; };
		5638AFC529AED7C70072A21B /* GoogleService-Info.plist */ = {isa = PBXFileReference; fileEncoding = 4; lastKnownFileType = text.plist.xml; name = "GoogleService-Info.plist"; path = "sit/GoogleService-Info.plist"; sourceTree = "<group>"; };
		565C6CE6299C5DBD0026EE0E /* Security Intelligence Toolkit.app */ = {isa = PBXFileReference; explicitFileType = wrapper.application; includeInIndex = 0; path = "Security Intelligence Toolkit.app"; sourceTree = BUILT_PRODUCTS_DIR; };
		565C6CE9299C5DBD0026EE0E /* sitApp.swift */ = {isa = PBXFileReference; lastKnownFileType = sourcecode.swift; path = sitApp.swift; sourceTree = "<group>"; };
		565C6CEB299C5DBD0026EE0E /* ContentView.swift */ = {isa = PBXFileReference; lastKnownFileType = sourcecode.swift; path = ContentView.swift; sourceTree = "<group>"; };
		565C6CED299C5DC00026EE0E /* Assets.xcassets */ = {isa = PBXFileReference; lastKnownFileType = folder.assetcatalog; path = Assets.xcassets; sourceTree = "<group>"; };
		565C6CF0299C5DC00026EE0E /* Preview Assets.xcassets */ = {isa = PBXFileReference; lastKnownFileType = folder.assetcatalog; path = "Preview Assets.xcassets"; sourceTree = "<group>"; };
		565C6CF6299C5DC00026EE0E /* Security Intelligence ToolkitTests.xctest */ = {isa = PBXFileReference; explicitFileType = wrapper.cfbundle; includeInIndex = 0; path = "Security Intelligence ToolkitTests.xctest"; sourceTree = BUILT_PRODUCTS_DIR; };
		565C6CFA299C5DC00026EE0E /* sitTests.swift */ = {isa = PBXFileReference; lastKnownFileType = sourcecode.swift; path = sitTests.swift; sourceTree = "<group>"; };
		565C6D00299C5DC00026EE0E /* Security Intelligence ToolkitUITests.xctest */ = {isa = PBXFileReference; explicitFileType = wrapper.cfbundle; includeInIndex = 0; path = "Security Intelligence ToolkitUITests.xctest"; sourceTree = BUILT_PRODUCTS_DIR; };
		565C6D04299C5DC00026EE0E /* sitUITests.swift */ = {isa = PBXFileReference; lastKnownFileType = sourcecode.swift; path = sitUITests.swift; sourceTree = "<group>"; };
		565C6D06299C5DC00026EE0E /* sitUITestsLaunchTests.swift */ = {isa = PBXFileReference; lastKnownFileType = sourcecode.swift; path = sitUITestsLaunchTests.swift; sourceTree = "<group>"; };
		565C6D13299C5EC50026EE0E /* Podfile */ = {isa = PBXFileReference; fileEncoding = 4; lastKnownFileType = text; path = Podfile; sourceTree = "<group>"; xcLanguageSpecificationIdentifier = xcode.lang.ruby; };
		565C6D14299C5EC50026EE0E /* README.md */ = {isa = PBXFileReference; fileEncoding = 4; lastKnownFileType = net.daringfireball.markdown; path = README.md; sourceTree = "<group>"; };
		565C6D17299C5EF60026EE0E /* .gitignore */ = {isa = PBXFileReference; lastKnownFileType = text; path = .gitignore; sourceTree = "<group>"; };
		566E74DB29A2CA320055C999 /* BottomBarView.swift */ = {isa = PBXFileReference; lastKnownFileType = sourcecode.swift; path = BottomBarView.swift; sourceTree = "<group>"; };
		566E74DD29A2CC9A0055C999 /* HomeView.swift */ = {isa = PBXFileReference; lastKnownFileType = sourcecode.swift; path = HomeView.swift; sourceTree = "<group>"; };
		566E74DF29A2CCB50055C999 /* ScanView.swift */ = {isa = PBXFileReference; lastKnownFileType = sourcecode.swift; path = ScanView.swift; sourceTree = "<group>"; };
		566E74E129A2CCEC0055C999 /* ShodanView.swift */ = {isa = PBXFileReference; lastKnownFileType = sourcecode.swift; path = ShodanView.swift; sourceTree = "<group>"; };
		566E74E329A2CD050055C999 /* HistoryView.swift */ = {isa = PBXFileReference; lastKnownFileType = sourcecode.swift; path = HistoryView.swift; sourceTree = "<group>"; };
		56BFE4F029A2DDFE0079216D /* AuthenticationState.swift */ = {isa = PBXFileReference; lastKnownFileType = sourcecode.swift; path = AuthenticationState.swift; sourceTree = "<group>"; };
		ECC5253E2F0D0A56D561149A /* Pods_Security_Intelligence_Toolkit.framework */ = {isa = PBXFileReference; explicitFileType = wrapper.framework; includeInIndex = 0; path = Pods_Security_Intelligence_Toolkit.framework; sourceTree = BUILT_PRODUCTS_DIR; };
/* End PBXFileReference section */

/* Begin PBXFrameworksBuildPhase section */
		565C6CE3299C5DBD0026EE0E /* Frameworks */ = {
			isa = PBXFrameworksBuildPhase;
			buildActionMask = 2147483647;
			files = (
				84FA7B56B797F883A8F67579 /* Pods_Security_Intelligence_Toolkit.framework in Frameworks */,
			);
			runOnlyForDeploymentPostprocessing = 0;
		};
		565C6CF3299C5DC00026EE0E /* Frameworks */ = {
			isa = PBXFrameworksBuildPhase;
			buildActionMask = 2147483647;
			files = (
			);
			runOnlyForDeploymentPostprocessing = 0;
		};
		565C6CFD299C5DC00026EE0E /* Frameworks */ = {
			isa = PBXFrameworksBuildPhase;
			buildActionMask = 2147483647;
			files = (
			);
			runOnlyForDeploymentPostprocessing = 0;
		};
/* End PBXFrameworksBuildPhase section */

/* Begin PBXGroup section */
		2BEDBB2DBE937F916F0C1DB4 /* Pods */ = {
			isa = PBXGroup;
			children = (
				034C9069B70AC06E59B457E9 /* Pods-Security Intelligence Toolkit.debug.xcconfig */,
				40809381BE17B7CC4A7872DC /* Pods-Security Intelligence Toolkit.release.xcconfig */,
			);
			path = Pods;
			sourceTree = "<group>";
		};
		5629AD3D29A2F2280061A60F /* Auth */ = {
			isa = PBXGroup;
			children = (
				5629AD3E29A2F23F0061A60F /* LoginView.swift */,
				5629AD4329A33B480061A60F /* SignUpView.swift */,
				5638AFBC29A778370072A21B /* ForgotPasswordView.swift */,
			);
			path = Auth;
			sourceTree = "<group>";
		};
		5629AD4029A331810061A60F /* Values */ = {
			isa = PBXGroup;
			children = (
				5629AD4129A331A50061A60F /* HexColors.swift */,
			);
			path = Values;
			sourceTree = "<group>";
		};
		5638AFBE29A77FEC0072A21B /* Layout */ = {
			isa = PBXGroup;
			children = (
				566E74DB29A2CA320055C999 /* BottomBarView.swift */,
				5638AFC129A785C50072A21B /* TopBarView.swift */,
			);
			path = Layout;
			sourceTree = "<group>";
		};
		565C6CDD299C5DBD0026EE0E = {
			isa = PBXGroup;
			children = (
				5638AFC529AED7C70072A21B /* GoogleService-Info.plist */,
				565C6D17299C5EF60026EE0E /* .gitignore */,
				565C6D13299C5EC50026EE0E /* Podfile */,
				565C6D14299C5EC50026EE0E /* README.md */,
				565C6CE8299C5DBD0026EE0E /* sit */,
				565C6CF9299C5DC00026EE0E /* sitTests */,
				565C6D03299C5DC00026EE0E /* sitUITests */,
				565C6CE7299C5DBD0026EE0E /* Products */,
				2BEDBB2DBE937F916F0C1DB4 /* Pods */,
				72BB2C7A06ABF6721A5C5E3C /* Frameworks */,
			);
			sourceTree = "<group>";
		};
		565C6CE7299C5DBD0026EE0E /* Products */ = {
			isa = PBXGroup;
			children = (
				565C6CE6299C5DBD0026EE0E /* Security Intelligence Toolkit.app */,
				565C6CF6299C5DC00026EE0E /* Security Intelligence ToolkitTests.xctest */,
				565C6D00299C5DC00026EE0E /* Security Intelligence ToolkitUITests.xctest */,
			);
			name = Products;
			sourceTree = "<group>";
		};
		565C6CE8299C5DBD0026EE0E /* sit */ = {
			isa = PBXGroup;
			children = (
				566E74DA29A2CA0E0055C999 /* UI */,
				5629AD4029A331810061A60F /* Values */,
				56BFE4EF29A2DDE70079216D /* Models */,
				565C6CE9299C5DBD0026EE0E /* sitApp.swift */,
				565C6CEB299C5DBD0026EE0E /* ContentView.swift */,
				565C6CED299C5DC00026EE0E /* Assets.xcassets */,
				565C6CEF299C5DC00026EE0E /* Preview Content */,
			);
			path = sit;
			sourceTree = "<group>";
		};
		565C6CEF299C5DC00026EE0E /* Preview Content */ = {
			isa = PBXGroup;
			children = (
				565C6CF0299C5DC00026EE0E /* Preview Assets.xcassets */,
			);
			path = "Preview Content";
			sourceTree = "<group>";
		};
		565C6CF9299C5DC00026EE0E /* sitTests */ = {
			isa = PBXGroup;
			children = (
				565C6CFA299C5DC00026EE0E /* sitTests.swift */,
			);
			path = sitTests;
			sourceTree = "<group>";
		};
		565C6D03299C5DC00026EE0E /* sitUITests */ = {
			isa = PBXGroup;
			children = (
				565C6D04299C5DC00026EE0E /* sitUITests.swift */,
				565C6D06299C5DC00026EE0E /* sitUITestsLaunchTests.swift */,
			);
			path = sitUITests;
			sourceTree = "<group>";
		};
		566E74DA29A2CA0E0055C999 /* UI */ = {
			isa = PBXGroup;
			children = (
				5638AFBE29A77FEC0072A21B /* Layout */,
				5629AD3D29A2F2280061A60F /* Auth */,
				566E74DD29A2CC9A0055C999 /* HomeView.swift */,
				566E74DF29A2CCB50055C999 /* ScanView.swift */,
				566E74E129A2CCEC0055C999 /* ShodanView.swift */,
				566E74E329A2CD050055C999 /* HistoryView.swift */,
				5638AFC329A786CC0072A21B /* SettingsView.swift */,
			);
			path = UI;
			sourceTree = "<group>";
		};
		56BFE4EF29A2DDE70079216D /* Models */ = {
			isa = PBXGroup;
			children = (
				5638AFBF29A781840072A21B /* AppVariables.swift */,
				56BFE4F029A2DDFE0079216D /* AuthenticationState.swift */,
			);
			path = Models;
			sourceTree = "<group>";
		};
		72BB2C7A06ABF6721A5C5E3C /* Frameworks */ = {
			isa = PBXGroup;
			children = (
				ECC5253E2F0D0A56D561149A /* Pods_Security_Intelligence_Toolkit.framework */,
			);
			name = Frameworks;
			sourceTree = "<group>";
		};
/* End PBXGroup section */

/* Begin PBXNativeTarget section */
		565C6CE5299C5DBD0026EE0E /* Security Intelligence Toolkit */ = {
			isa = PBXNativeTarget;
			buildConfigurationList = 565C6D0A299C5DC00026EE0E /* Build configuration list for PBXNativeTarget "Security Intelligence Toolkit" */;
			buildPhases = (
				C1DD02ED05CB1C8BA5A6317A /* [CP] Check Pods Manifest.lock */,
				565C6CE2299C5DBD0026EE0E /* Sources */,
				565C6CE3299C5DBD0026EE0E /* Frameworks */,
				565C6CE4299C5DBD0026EE0E /* Resources */,
				F03C405BB57FF3EB7E482B6C /* [CP] Embed Pods Frameworks */,
			);
			buildRules = (
			);
			dependencies = (
			);
			name = "Security Intelligence Toolkit";
			productName = sit;
			productReference = 565C6CE6299C5DBD0026EE0E /* Security Intelligence Toolkit.app */;
			productType = "com.apple.product-type.application";
		};
		565C6CF5299C5DC00026EE0E /* Security Intelligence ToolkitTests */ = {
			isa = PBXNativeTarget;
			buildConfigurationList = 565C6D0D299C5DC00026EE0E /* Build configuration list for PBXNativeTarget "Security Intelligence ToolkitTests" */;
			buildPhases = (
				565C6CF2299C5DC00026EE0E /* Sources */,
				565C6CF3299C5DC00026EE0E /* Frameworks */,
				565C6CF4299C5DC00026EE0E /* Resources */,
			);
			buildRules = (
			);
			dependencies = (
				565C6CF8299C5DC00026EE0E /* PBXTargetDependency */,
			);
			name = "Security Intelligence ToolkitTests";
			productName = sitTests;
			productReference = 565C6CF6299C5DC00026EE0E /* Security Intelligence ToolkitTests.xctest */;
			productType = "com.apple.product-type.bundle.unit-test";
		};
		565C6CFF299C5DC00026EE0E /* Security Intelligence ToolkitUITests */ = {
			isa = PBXNativeTarget;
			buildConfigurationList = 565C6D10299C5DC00026EE0E /* Build configuration list for PBXNativeTarget "Security Intelligence ToolkitUITests" */;
			buildPhases = (
				565C6CFC299C5DC00026EE0E /* Sources */,
				565C6CFD299C5DC00026EE0E /* Frameworks */,
				565C6CFE299C5DC00026EE0E /* Resources */,
			);
			buildRules = (
			);
			dependencies = (
				565C6D02299C5DC00026EE0E /* PBXTargetDependency */,
			);
			name = "Security Intelligence ToolkitUITests";
			productName = sitUITests;
			productReference = 565C6D00299C5DC00026EE0E /* Security Intelligence ToolkitUITests.xctest */;
			productType = "com.apple.product-type.bundle.ui-testing";
		};
/* End PBXNativeTarget section */

/* Begin PBXProject section */
		565C6CDE299C5DBD0026EE0E /* Project object */ = {
			isa = PBXProject;
			attributes = {
				BuildIndependentTargetsInParallel = 1;
				LastSwiftUpdateCheck = 1410;
				LastUpgradeCheck = 1420;
				TargetAttributes = {
					565C6CE5299C5DBD0026EE0E = {
						CreatedOnToolsVersion = 14.1;
					};
					565C6CF5299C5DC00026EE0E = {
						CreatedOnToolsVersion = 14.1;
						TestTargetID = 565C6CE5299C5DBD0026EE0E;
					};
					565C6CFF299C5DC00026EE0E = {
						CreatedOnToolsVersion = 14.1;
						TestTargetID = 565C6CE5299C5DBD0026EE0E;
					};
				};
			};
			buildConfigurationList = 565C6CE1299C5DBD0026EE0E /* Build configuration list for PBXProject "Security Intelligence Toolkit" */;
			compatibilityVersion = "Xcode 13.0";
			developmentRegion = en;
			hasScannedForEncodings = 0;
			knownRegions = (
				en,
				Base,
			);
			mainGroup = 565C6CDD299C5DBD0026EE0E;
			productRefGroup = 565C6CE7299C5DBD0026EE0E /* Products */;
			projectDirPath = "";
			projectRoot = "";
			targets = (
				565C6CE5299C5DBD0026EE0E /* Security Intelligence Toolkit */,
				565C6CF5299C5DC00026EE0E /* Security Intelligence ToolkitTests */,
				565C6CFF299C5DC00026EE0E /* Security Intelligence ToolkitUITests */,
			);
		};
/* End PBXProject section */

/* Begin PBXResourcesBuildPhase section */
		565C6CE4299C5DBD0026EE0E /* Resources */ = {
			isa = PBXResourcesBuildPhase;
			buildActionMask = 2147483647;
			files = (
				565C6D18299C5EF60026EE0E /* .gitignore in Resources */,
				565C6D15299C5EC50026EE0E /* Podfile in Resources */,
				565C6CF1299C5DC00026EE0E /* Preview Assets.xcassets in Resources */,
				565C6D16299C5EC50026EE0E /* README.md in Resources */,
				565C6CEE299C5DC00026EE0E /* Assets.xcassets in Resources */,
				5638AFC629AED7C70072A21B /* GoogleService-Info.plist in Resources */,
			);
			runOnlyForDeploymentPostprocessing = 0;
		};
		565C6CF4299C5DC00026EE0E /* Resources */ = {
			isa = PBXResourcesBuildPhase;
			buildActionMask = 2147483647;
			files = (
			);
			runOnlyForDeploymentPostprocessing = 0;
		};
		565C6CFE299C5DC00026EE0E /* Resources */ = {
			isa = PBXResourcesBuildPhase;
			buildActionMask = 2147483647;
			files = (
			);
			runOnlyForDeploymentPostprocessing = 0;
		};
/* End PBXResourcesBuildPhase section */

/* Begin PBXShellScriptBuildPhase section */
		C1DD02ED05CB1C8BA5A6317A /* [CP] Check Pods Manifest.lock */ = {
			isa = PBXShellScriptBuildPhase;
			buildActionMask = 2147483647;
			files = (
			);
			inputFileListPaths = (
			);
			inputPaths = (
				"${PODS_PODFILE_DIR_PATH}/Podfile.lock",
				"${PODS_ROOT}/Manifest.lock",
			);
			name = "[CP] Check Pods Manifest.lock";
			outputFileListPaths = (
			);
			outputPaths = (
				"$(DERIVED_FILE_DIR)/Pods-Security Intelligence Toolkit-checkManifestLockResult.txt",
			);
			runOnlyForDeploymentPostprocessing = 0;
			shellPath = /bin/sh;
			shellScript = "diff \"${PODS_PODFILE_DIR_PATH}/Podfile.lock\" \"${PODS_ROOT}/Manifest.lock\" > /dev/null\nif [ $? != 0 ] ; then\n    # print error to STDERR\n    echo \"error: The sandbox is not in sync with the Podfile.lock. Run 'pod install' or update your CocoaPods installation.\" >&2\n    exit 1\nfi\n# This output is used by Xcode 'outputs' to avoid re-running this script phase.\necho \"SUCCESS\" > \"${SCRIPT_OUTPUT_FILE_0}\"\n";
			showEnvVarsInLog = 0;
		};
		F03C405BB57FF3EB7E482B6C /* [CP] Embed Pods Frameworks */ = {
			isa = PBXShellScriptBuildPhase;
			buildActionMask = 2147483647;
			files = (
			);
			inputFileListPaths = (
				"${PODS_ROOT}/Target Support Files/Pods-Security Intelligence Toolkit/Pods-Security Intelligence Toolkit-frameworks-${CONFIGURATION}-input-files.xcfilelist",
			);
			name = "[CP] Embed Pods Frameworks";
			outputFileListPaths = (
				"${PODS_ROOT}/Target Support Files/Pods-Security Intelligence Toolkit/Pods-Security Intelligence Toolkit-frameworks-${CONFIGURATION}-output-files.xcfilelist",
			);
			runOnlyForDeploymentPostprocessing = 0;
			shellPath = /bin/sh;
			shellScript = "\"${PODS_ROOT}/Target Support Files/Pods-Security Intelligence Toolkit/Pods-Security Intelligence Toolkit-frameworks.sh\"\n";
			showEnvVarsInLog = 0;
		};
/* End PBXShellScriptBuildPhase section */

/* Begin PBXSourcesBuildPhase section */
		565C6CE2299C5DBD0026EE0E /* Sources */ = {
			isa = PBXSourcesBuildPhase;
			buildActionMask = 2147483647;
			files = (
				5638AFC429A786CC0072A21B /* SettingsView.swift in Sources */,
				5638AFC029A781840072A21B /* AppVariables.swift in Sources */,
				566E74E429A2CD050055C999 /* HistoryView.swift in Sources */,
				566E74DC29A2CA320055C999 /* BottomBarView.swift in Sources */,
				566E74DE29A2CC9A0055C999 /* HomeView.swift in Sources */,
				5638AFC229A785C50072A21B /* TopBarView.swift in Sources */,
				5629AD3F29A2F23F0061A60F /* LoginView.swift in Sources */,
				566E74E029A2CCB50055C999 /* ScanView.swift in Sources */,
				5629AD4429A33B480061A60F /* SignUpView.swift in Sources */,
				565C6CEC299C5DBD0026EE0E /* ContentView.swift in Sources */,
				56BFE4F129A2DDFE0079216D /* AuthenticationState.swift in Sources */,
				5629AD4229A331A50061A60F /* HexColors.swift in Sources */,
				565C6CEA299C5DBD0026EE0E /* sitApp.swift in Sources */,
				5638AFBD29A778370072A21B /* ForgotPasswordView.swift in Sources */,
				566E74E229A2CCEC0055C999 /* ShodanView.swift in Sources */,
			);
			runOnlyForDeploymentPostprocessing = 0;
		};
		565C6CF2299C5DC00026EE0E /* Sources */ = {
			isa = PBXSourcesBuildPhase;
			buildActionMask = 2147483647;
			files = (
				565C6CFB299C5DC00026EE0E /* sitTests.swift in Sources */,
			);
			runOnlyForDeploymentPostprocessing = 0;
		};
		565C6CFC299C5DC00026EE0E /* Sources */ = {
			isa = PBXSourcesBuildPhase;
			buildActionMask = 2147483647;
			files = (
				565C6D05299C5DC00026EE0E /* sitUITests.swift in Sources */,
				565C6D07299C5DC00026EE0E /* sitUITestsLaunchTests.swift in Sources */,
			);
			runOnlyForDeploymentPostprocessing = 0;
		};
/* End PBXSourcesBuildPhase section */

/* Begin PBXTargetDependency section */
		565C6CF8299C5DC00026EE0E /* PBXTargetDependency */ = {
			isa = PBXTargetDependency;
			target = 565C6CE5299C5DBD0026EE0E /* Security Intelligence Toolkit */;
			targetProxy = 565C6CF7299C5DC00026EE0E /* PBXContainerItemProxy */;
		};
		565C6D02299C5DC00026EE0E /* PBXTargetDependency */ = {
			isa = PBXTargetDependency;
			target = 565C6CE5299C5DBD0026EE0E /* Security Intelligence Toolkit */;
			targetProxy = 565C6D01299C5DC00026EE0E /* PBXContainerItemProxy */;
		};
/* End PBXTargetDependency section */

/* Begin XCBuildConfiguration section */
		565C6D08299C5DC00026EE0E /* Debug */ = {
			isa = XCBuildConfiguration;
			buildSettings = {
				ALWAYS_SEARCH_USER_PATHS = NO;
				CLANG_ANALYZER_NONNULL = YES;
				CLANG_ANALYZER_NUMBER_OBJECT_CONVERSION = YES_AGGRESSIVE;
				CLANG_CXX_LANGUAGE_STANDARD = "gnu++20";
				CLANG_ENABLE_MODULES = YES;
				CLANG_ENABLE_OBJC_ARC = YES;
				CLANG_ENABLE_OBJC_WEAK = YES;
				CLANG_WARN_BLOCK_CAPTURE_AUTORELEASING = YES;
				CLANG_WARN_BOOL_CONVERSION = YES;
				CLANG_WARN_COMMA = YES;
				CLANG_WARN_CONSTANT_CONVERSION = YES;
				CLANG_WARN_DEPRECATED_OBJC_IMPLEMENTATIONS = YES;
				CLANG_WARN_DIRECT_OBJC_ISA_USAGE = YES_ERROR;
				CLANG_WARN_DOCUMENTATION_COMMENTS = YES;
				CLANG_WARN_EMPTY_BODY = YES;
				CLANG_WARN_ENUM_CONVERSION = YES;
				CLANG_WARN_INFINITE_RECURSION = YES;
				CLANG_WARN_INT_CONVERSION = YES;
				CLANG_WARN_NON_LITERAL_NULL_CONVERSION = YES;
				CLANG_WARN_OBJC_IMPLICIT_RETAIN_SELF = YES;
				CLANG_WARN_OBJC_LITERAL_CONVERSION = YES;
				CLANG_WARN_OBJC_ROOT_CLASS = YES_ERROR;
				CLANG_WARN_QUOTED_INCLUDE_IN_FRAMEWORK_HEADER = YES;
				CLANG_WARN_RANGE_LOOP_ANALYSIS = YES;
				CLANG_WARN_STRICT_PROTOTYPES = YES;
				CLANG_WARN_SUSPICIOUS_MOVE = YES;
				CLANG_WARN_UNGUARDED_AVAILABILITY = YES_AGGRESSIVE;
				CLANG_WARN_UNREACHABLE_CODE = YES;
				CLANG_WARN__DUPLICATE_METHOD_MATCH = YES;
				COPY_PHASE_STRIP = NO;
				DEBUG_INFORMATION_FORMAT = dwarf;
				ENABLE_STRICT_OBJC_MSGSEND = YES;
				ENABLE_TESTABILITY = YES;
				GCC_C_LANGUAGE_STANDARD = gnu11;
				GCC_DYNAMIC_NO_PIC = NO;
				GCC_NO_COMMON_BLOCKS = YES;
				GCC_OPTIMIZATION_LEVEL = 0;
				GCC_PREPROCESSOR_DEFINITIONS = (
					"DEBUG=1",
					"$(inherited)",
				);
				GCC_WARN_64_TO_32_BIT_CONVERSION = YES;
				GCC_WARN_ABOUT_RETURN_TYPE = YES_ERROR;
				GCC_WARN_UNDECLARED_SELECTOR = YES;
				GCC_WARN_UNINITIALIZED_AUTOS = YES_AGGRESSIVE;
				GCC_WARN_UNUSED_FUNCTION = YES;
				GCC_WARN_UNUSED_VARIABLE = YES;
				IPHONEOS_DEPLOYMENT_TARGET = 16.1;
				MTL_ENABLE_DEBUG_INFO = INCLUDE_SOURCE;
				MTL_FAST_MATH = YES;
				ONLY_ACTIVE_ARCH = YES;
				SDKROOT = iphoneos;
				SWIFT_ACTIVE_COMPILATION_CONDITIONS = DEBUG;
				SWIFT_OPTIMIZATION_LEVEL = "-Onone";
			};
			name = Debug;
		};
		565C6D09299C5DC00026EE0E /* Release */ = {
			isa = XCBuildConfiguration;
			buildSettings = {
				ALWAYS_SEARCH_USER_PATHS = NO;
				CLANG_ANALYZER_NONNULL = YES;
				CLANG_ANALYZER_NUMBER_OBJECT_CONVERSION = YES_AGGRESSIVE;
				CLANG_CXX_LANGUAGE_STANDARD = "gnu++20";
				CLANG_ENABLE_MODULES = YES;
				CLANG_ENABLE_OBJC_ARC = YES;
				CLANG_ENABLE_OBJC_WEAK = YES;
				CLANG_WARN_BLOCK_CAPTURE_AUTORELEASING = YES;
				CLANG_WARN_BOOL_CONVERSION = YES;
				CLANG_WARN_COMMA = YES;
				CLANG_WARN_CONSTANT_CONVERSION = YES;
				CLANG_WARN_DEPRECATED_OBJC_IMPLEMENTATIONS = YES;
				CLANG_WARN_DIRECT_OBJC_ISA_USAGE = YES_ERROR;
				CLANG_WARN_DOCUMENTATION_COMMENTS = YES;
				CLANG_WARN_EMPTY_BODY = YES;
				CLANG_WARN_ENUM_CONVERSION = YES;
				CLANG_WARN_INFINITE_RECURSION = YES;
				CLANG_WARN_INT_CONVERSION = YES;
				CLANG_WARN_NON_LITERAL_NULL_CONVERSION = YES;
				CLANG_WARN_OBJC_IMPLICIT_RETAIN_SELF = YES;
				CLANG_WARN_OBJC_LITERAL_CONVERSION = YES;
				CLANG_WARN_OBJC_ROOT_CLASS = YES_ERROR;
				CLANG_WARN_QUOTED_INCLUDE_IN_FRAMEWORK_HEADER = YES;
				CLANG_WARN_RANGE_LOOP_ANALYSIS = YES;
				CLANG_WARN_STRICT_PROTOTYPES = YES;
				CLANG_WARN_SUSPICIOUS_MOVE = YES;
				CLANG_WARN_UNGUARDED_AVAILABILITY = YES_AGGRESSIVE;
				CLANG_WARN_UNREACHABLE_CODE = YES;
				CLANG_WARN__DUPLICATE_METHOD_MATCH = YES;
				COPY_PHASE_STRIP = NO;
				DEBUG_INFORMATION_FORMAT = "dwarf-with-dsym";
				ENABLE_NS_ASSERTIONS = NO;
				ENABLE_STRICT_OBJC_MSGSEND = YES;
				GCC_C_LANGUAGE_STANDARD = gnu11;
				GCC_NO_COMMON_BLOCKS = YES;
				GCC_WARN_64_TO_32_BIT_CONVERSION = YES;
				GCC_WARN_ABOUT_RETURN_TYPE = YES_ERROR;
				GCC_WARN_UNDECLARED_SELECTOR = YES;
				GCC_WARN_UNINITIALIZED_AUTOS = YES_AGGRESSIVE;
				GCC_WARN_UNUSED_FUNCTION = YES;
				GCC_WARN_UNUSED_VARIABLE = YES;
				IPHONEOS_DEPLOYMENT_TARGET = 16.1;
				MTL_ENABLE_DEBUG_INFO = NO;
				MTL_FAST_MATH = YES;
				SDKROOT = iphoneos;
				SWIFT_COMPILATION_MODE = wholemodule;
				SWIFT_OPTIMIZATION_LEVEL = "-O";
				VALIDATE_PRODUCT = YES;
			};
			name = Release;
		};
		565C6D0B299C5DC00026EE0E /* Debug */ = {
			isa = XCBuildConfiguration;
			baseConfigurationReference = 034C9069B70AC06E59B457E9 /* Pods-Security Intelligence Toolkit.debug.xcconfig */;
			buildSettings = {
				ASSETCATALOG_COMPILER_APPICON_NAME = AppIcon;
				ASSETCATALOG_COMPILER_GLOBAL_ACCENT_COLOR_NAME = AccentColor;
				CODE_SIGN_STYLE = Automatic;
				CURRENT_PROJECT_VERSION = 1;
				DEVELOPMENT_ASSET_PATHS = "\"sit/Preview Content\"";
				DEVELOPMENT_TEAM = 8K2PZN7Q89;
				ENABLE_PREVIEWS = YES;
				GENERATE_INFOPLIST_FILE = YES;
				INFOPLIST_KEY_CFBundleDisplayName = "Security Intelligence Toolkit";
				INFOPLIST_KEY_UIApplicationSceneManifest_Generation = YES;
				INFOPLIST_KEY_UIApplicationSupportsIndirectInputEvents = YES;
				INFOPLIST_KEY_UILaunchScreen_Generation = YES;
				INFOPLIST_KEY_UISupportedInterfaceOrientations_iPad = "UIInterfaceOrientationPortrait UIInterfaceOrientationPortraitUpsideDown UIInterfaceOrientationLandscapeLeft UIInterfaceOrientationLandscapeRight";
				INFOPLIST_KEY_UISupportedInterfaceOrientations_iPhone = "UIInterfaceOrientationPortrait UIInterfaceOrientationLandscapeLeft UIInterfaceOrientationLandscapeRight";
				LD_RUNPATH_SEARCH_PATHS = (
					"$(inherited)",
					"@executable_path/Frameworks",
				);
				MARKETING_VERSION = 1.0;
				PRODUCT_BUNDLE_IDENTIFIER = com.toolkit.sit;
				PRODUCT_NAME = "$(TARGET_NAME)";
				SWIFT_EMIT_LOC_STRINGS = YES;
				SWIFT_VERSION = 5.0;
				TARGETED_DEVICE_FAMILY = "1,2";
			};
			name = Debug;
		};
		565C6D0C299C5DC00026EE0E /* Release */ = {
			isa = XCBuildConfiguration;
			baseConfigurationReference = 40809381BE17B7CC4A7872DC /* Pods-Security Intelligence Toolkit.release.xcconfig */;
			buildSettings = {
				ASSETCATALOG_COMPILER_APPICON_NAME = AppIcon;
				ASSETCATALOG_COMPILER_GLOBAL_ACCENT_COLOR_NAME = AccentColor;
				CODE_SIGN_STYLE = Automatic;
				CURRENT_PROJECT_VERSION = 1;
				DEVELOPMENT_ASSET_PATHS = "\"sit/Preview Content\"";
				DEVELOPMENT_TEAM = 8K2PZN7Q89;
				ENABLE_PREVIEWS = YES;
				GENERATE_INFOPLIST_FILE = YES;
				INFOPLIST_KEY_CFBundleDisplayName = "Security Intelligence Toolkit";
				INFOPLIST_KEY_UIApplicationSceneManifest_Generation = YES;
				INFOPLIST_KEY_UIApplicationSupportsIndirectInputEvents = YES;
				INFOPLIST_KEY_UILaunchScreen_Generation = YES;
				INFOPLIST_KEY_UISupportedInterfaceOrientations_iPad = "UIInterfaceOrientationPortrait UIInterfaceOrientationPortraitUpsideDown UIInterfaceOrientationLandscapeLeft UIInterfaceOrientationLandscapeRight";
				INFOPLIST_KEY_UISupportedInterfaceOrientations_iPhone = "UIInterfaceOrientationPortrait UIInterfaceOrientationLandscapeLeft UIInterfaceOrientationLandscapeRight";
				LD_RUNPATH_SEARCH_PATHS = (
					"$(inherited)",
					"@executable_path/Frameworks",
				);
				MARKETING_VERSION = 1.0;
				PRODUCT_BUNDLE_IDENTIFIER = com.toolkit.sit;
				PRODUCT_NAME = "$(TARGET_NAME)";
				SWIFT_EMIT_LOC_STRINGS = YES;
				SWIFT_VERSION = 5.0;
				TARGETED_DEVICE_FAMILY = "1,2";
			};
			name = Release;
		};
		565C6D0E299C5DC00026EE0E /* Debug */ = {
			isa = XCBuildConfiguration;
			buildSettings = {
				ALWAYS_EMBED_SWIFT_STANDARD_LIBRARIES = YES;
				BUNDLE_LOADER = "$(TEST_HOST)";
				CODE_SIGN_STYLE = Automatic;
				CURRENT_PROJECT_VERSION = 1;
				DEVELOPMENT_TEAM = C45QVX24HL;
				GENERATE_INFOPLIST_FILE = YES;
				IPHONEOS_DEPLOYMENT_TARGET = 16.1;
				MARKETING_VERSION = 1.0;
				PRODUCT_BUNDLE_IDENTIFIER = com.toolkit.sitTests;
				PRODUCT_NAME = "$(TARGET_NAME)";
				SWIFT_EMIT_LOC_STRINGS = NO;
				SWIFT_VERSION = 5.0;
				TARGETED_DEVICE_FAMILY = "1,2";
				TEST_HOST = "$(BUILT_PRODUCTS_DIR)/Security Intelligence Toolkit.app/$(BUNDLE_EXECUTABLE_FOLDER_PATH)/Security Intelligence Toolkit";
			};
			name = Debug;
		};
		565C6D0F299C5DC00026EE0E /* Release */ = {
			isa = XCBuildConfiguration;
			buildSettings = {
				ALWAYS_EMBED_SWIFT_STANDARD_LIBRARIES = YES;
				BUNDLE_LOADER = "$(TEST_HOST)";
				CODE_SIGN_STYLE = Automatic;
				CURRENT_PROJECT_VERSION = 1;
				DEVELOPMENT_TEAM = C45QVX24HL;
				GENERATE_INFOPLIST_FILE = YES;
				IPHONEOS_DEPLOYMENT_TARGET = 16.1;
				MARKETING_VERSION = 1.0;
				PRODUCT_BUNDLE_IDENTIFIER = com.toolkit.sitTests;
				PRODUCT_NAME = "$(TARGET_NAME)";
				SWIFT_EMIT_LOC_STRINGS = NO;
				SWIFT_VERSION = 5.0;
				TARGETED_DEVICE_FAMILY = "1,2";
				TEST_HOST = "$(BUILT_PRODUCTS_DIR)/Security Intelligence Toolkit.app/$(BUNDLE_EXECUTABLE_FOLDER_PATH)/Security Intelligence Toolkit";
			};
			name = Release;
		};
		565C6D11299C5DC00026EE0E /* Debug */ = {
			isa = XCBuildConfiguration;
			buildSettings = {
				ALWAYS_EMBED_SWIFT_STANDARD_LIBRARIES = YES;
				CODE_SIGN_STYLE = Automatic;
				CURRENT_PROJECT_VERSION = 1;
				DEVELOPMENT_TEAM = C45QVX24HL;
				GENERATE_INFOPLIST_FILE = YES;
				MARKETING_VERSION = 1.0;
				PRODUCT_BUNDLE_IDENTIFIER = com.toolkit.sitUITests;
				PRODUCT_NAME = "$(TARGET_NAME)";
				SWIFT_EMIT_LOC_STRINGS = NO;
				SWIFT_VERSION = 5.0;
				TARGETED_DEVICE_FAMILY = "1,2";
				TEST_TARGET_NAME = sit;
			};
			name = Debug;
		};
		565C6D12299C5DC00026EE0E /* Release */ = {
			isa = XCBuildConfiguration;
			buildSettings = {
				ALWAYS_EMBED_SWIFT_STANDARD_LIBRARIES = YES;
				CODE_SIGN_STYLE = Automatic;
				CURRENT_PROJECT_VERSION = 1;
				DEVELOPMENT_TEAM = C45QVX24HL;
				GENERATE_INFOPLIST_FILE = YES;
				MARKETING_VERSION = 1.0;
				PRODUCT_BUNDLE_IDENTIFIER = com.toolkit.sitUITests;
				PRODUCT_NAME = "$(TARGET_NAME)";
				SWIFT_EMIT_LOC_STRINGS = NO;
				SWIFT_VERSION = 5.0;
				TARGETED_DEVICE_FAMILY = "1,2";
				TEST_TARGET_NAME = sit;
			};
			name = Release;
		};
/* End XCBuildConfiguration section */

/* Begin XCConfigurationList section */
		565C6CE1299C5DBD0026EE0E /* Build configuration list for PBXProject "Security Intelligence Toolkit" */ = {
			isa = XCConfigurationList;
			buildConfigurations = (
				565C6D08299C5DC00026EE0E /* Debug */,
				565C6D09299C5DC00026EE0E /* Release */,
			);
			defaultConfigurationIsVisible = 0;
			defaultConfigurationName = Release;
		};
		565C6D0A299C5DC00026EE0E /* Build configuration list for PBXNativeTarget "Security Intelligence Toolkit" */ = {
			isa = XCConfigurationList;
			buildConfigurations = (
				565C6D0B299C5DC00026EE0E /* Debug */,
				565C6D0C299C5DC00026EE0E /* Release */,
			);
			defaultConfigurationIsVisible = 0;
			defaultConfigurationName = Release;
		};
		565C6D0D299C5DC00026EE0E /* Build configuration list for PBXNativeTarget "Security Intelligence ToolkitTests" */ = {
			isa = XCConfigurationList;
			buildConfigurations = (
				565C6D0E299C5DC00026EE0E /* Debug */,
				565C6D0F299C5DC00026EE0E /* Release */,
			);
			defaultConfigurationIsVisible = 0;
			defaultConfigurationName = Release;
		};
		565C6D10299C5DC00026EE0E /* Build configuration list for PBXNativeTarget "Security Intelligence ToolkitUITests" */ = {
			isa = XCConfigurationList;
			buildConfigurations = (
				565C6D11299C5DC00026EE0E /* Debug */,
				565C6D12299C5DC00026EE0E /* Release */,
			);
			defaultConfigurationIsVisible = 0;
			defaultConfigurationName = Release;
		};
/* End XCConfigurationList section */
	};
	rootObject = 565C6CDE299C5DBD0026EE0E /* Project object */;
}
