// !$*UTF8*$!
{
	archiveVersion = 1;
	classes = {
	};
	objectVersion = 56;
	objects = {

/* Begin PBXBuildFile section */
		565C6CEA299C5DBD0026EE0E /* sitApp.swift in Sources */ = {isa = PBXBuildFile; fileRef = 565C6CE9299C5DBD0026EE0E /* sitApp.swift */; };
		565C6CEC299C5DBD0026EE0E /* ContentView.swift in Sources */ = {isa = PBXBuildFile; fileRef = 565C6CEB299C5DBD0026EE0E /* ContentView.swift */; };
		565C6CEE299C5DC00026EE0E /* Assets.xcassets in Resources */ = {isa = PBXBuildFile; fileRef = 565C6CED299C5DC00026EE0E /* Assets.xcassets */; };
		565C6CF1299C5DC00026EE0E /* Preview Assets.xcassets in Resources */ = {isa = PBXBuildFile; fileRef = 565C6CF0299C5DC00026EE0E /* Preview Assets.xcassets */; };
		565C6CFB299C5DC00026EE0E /* sitTests.swift in Sources */ = {isa = PBXBuildFile; fileRef = 565C6CFA299C5DC00026EE0E /* sitTests.swift */; };
		565C6D05299C5DC00026EE0E /* sitUITests.swift in Sources */ = {isa = PBXBuildFile; fileRef = 565C6D04299C5DC00026EE0E /* sitUITests.swift */; };
		565C6D07299C5DC00026EE0E /* sitUITestsLaunchTests.swift in Sources */ = {isa = PBXBuildFile; fileRef = 565C6D06299C5DC00026EE0E /* sitUITestsLaunchTests.swift */; };
/* End PBXBuildFile section */

/* Begin PBXContainerItemProxy section */
		565C6CF7299C5DC00026EE0E /* PBXContainerItemProxy */ = {
			isa = PBXContainerItemProxy;
			containerPortal = 565C6CDE299C5DBD0026EE0E /* Project object */;
			proxyType = 1;
			remoteGlobalIDString = 565C6CE5299C5DBD0026EE0E;
			remoteInfo = sit;
		};
		565C6D01299C5DC00026EE0E /* PBXContainerItemProxy */ = {
			isa = PBXContainerItemProxy;
			containerPortal = 565C6CDE299C5DBD0026EE0E /* Project object */;
			proxyType = 1;
			remoteGlobalIDString = 565C6CE5299C5DBD0026EE0E;
			remoteInfo = sit;
		};
/* End PBXContainerItemProxy section */

/* Begin PBXFileReference section */
		565C6CE6299C5DBD0026EE0E /* sit.app */ = {isa = PBXFileReference; explicitFileType = wrapper.application; includeInIndex = 0; path = sit.app; sourceTree = BUILT_PRODUCTS_DIR; };
		565C6CE9299C5DBD0026EE0E /* sitApp.swift */ = {isa = PBXFileReference; lastKnownFileType = sourcecode.swift; path = sitApp.swift; sourceTree = "<group>"; };
		565C6CEB299C5DBD0026EE0E /* ContentView.swift */ = {isa = PBXFileReference; lastKnownFileType = sourcecode.swift; path = ContentView.swift; sourceTree = "<group>"; };
		565C6CED299C5DC00026EE0E /* Assets.xcassets */ = {isa = PBXFileReference; lastKnownFileType = folder.assetcatalog; path = Assets.xcassets; sourceTree = "<group>"; };
		565C6CF0299C5DC00026EE0E /* Preview Assets.xcassets */ = {isa = PBXFileReference; lastKnownFileType = folder.assetcatalog; path = "Preview Assets.xcassets"; sourceTree = "<group>"; };
		565C6CF6299C5DC00026EE0E /* sitTests.xctest */ = {isa = PBXFileReference; explicitFileType = wrapper.cfbundle; includeInIndex = 0; path = sitTests.xctest; sourceTree = BUILT_PRODUCTS_DIR; };
		565C6CFA299C5DC00026EE0E /* sitTests.swift */ = {isa = PBXFileReference; lastKnownFileType = sourcecode.swift; path = sitTests.swift; sourceTree = "<group>"; };
		565C6D00299C5DC00026EE0E /* sitUITests.xctest */ = {isa = PBXFileReference; explicitFileType = wrapper.cfbundle; includeInIndex = 0; path = sitUITests.xctest; sourceTree = BUILT_PRODUCTS_DIR; };
		565C6D04299C5DC00026EE0E /* sitUITests.swift */ = {isa = PBXFileReference; lastKnownFileType = sourcecode.swift; path = sitUITests.swift; sourceTree = "<group>"; };
		565C6D06299C5DC00026EE0E /* sitUITestsLaunchTests.swift */ = {isa = PBXFileReference; lastKnownFileType = sourcecode.swift; path = sitUITestsLaunchTests.swift; sourceTree = "<group>"; };
/* End PBXFileReference section */

/* Begin PBXFrameworksBuildPhase section */
		565C6CE3299C5DBD0026EE0E /* Frameworks */ = {
			isa = PBXFrameworksBuildPhase;
			buildActionMask = 2147483647;
			files = (
			);
			runOnlyForDeploymentPostprocessing = 0;
		};
		565C6CF3299C5DC00026EE0E /* Frameworks */ = {
			isa = PBXFrameworksBuildPhase;
			buildActionMask = 2147483647;
			files = (
			);
			runOnlyForDeploymentPostprocessing = 0;
		};
		565C6CFD299C5DC00026EE0E /* Frameworks */ = {
			isa = PBXFrameworksBuildPhase;
			buildActionMask = 2147483647;
			files = (
			);
			runOnlyForDeploymentPostprocessing = 0;
		};
/* End PBXFrameworksBuildPhase section */

/* Begin PBXGroup section */
		565C6CDD299C5DBD0026EE0E = {
			isa = PBXGroup;
			children = (
				565C6CE8299C5DBD0026EE0E /* sit */,
				565C6CF9299C5DC00026EE0E /* sitTests */,
				565C6D03299C5DC00026EE0E /* sitUITests */,
				565C6CE7299C5DBD0026EE0E /* Products */,
			);
			sourceTree = "<group>";
		};
		565C6CE7299C5DBD0026EE0E /* Products */ = {
			isa = PBXGroup;
			children = (
				565C6CE6299C5DBD0026EE0E /* sit.app */,
				565C6CF6299C5DC00026EE0E /* sitTests.xctest */,
				565C6D00299C5DC00026EE0E /* sitUITests.xctest */,
			);
			name = Products;
			sourceTree = "<group>";
		};
		565C6CE8299C5DBD0026EE0E /* sit */ = {
			isa = PBXGroup;
			children = (
				565C6CE9299C5DBD0026EE0E /* sitApp.swift */,
				565C6CEB299C5DBD0026EE0E /* ContentView.swift */,
				565C6CED299C5DC00026EE0E /* Assets.xcassets */,
				565C6CEF299C5DC00026EE0E /* Preview Content */,
			);
			path = sit;
			sourceTree = "<group>";
		};
		565C6CEF299C5DC00026EE0E /* Preview Content */ = {
			isa = PBXGroup;
			children = (
				565C6CF0299C5DC00026EE0E /* Preview Assets.xcassets */,
			);
			path = "Preview Content";
			sourceTree = "<group>";
		};
		565C6CF9299C5DC00026EE0E /* sitTests */ = {
			isa = PBXGroup;
			children = (
				565C6CFA299C5DC00026EE0E /* sitTests.swift */,
			);
			path = sitTests;
			sourceTree = "<group>";
		};
		565C6D03299C5DC00026EE0E /* sitUITests */ = {
			isa = PBXGroup;
			children = (
				565C6D04299C5DC00026EE0E /* sitUITests.swift */,
				565C6D06299C5DC00026EE0E /* sitUITestsLaunchTests.swift */,
			);
			path = sitUITests;
			sourceTree = "<group>";
		};
/* End PBXGroup section */

/* Begin PBXNativeTarget section */
		565C6CE5299C5DBD0026EE0E /* sit */ = {
			isa = PBXNativeTarget;
			buildConfigurationList = 565C6D0A299C5DC00026EE0E /* Build configuration list for PBXNativeTarget "sit" */;
			buildPhases = (
				565C6CE2299C5DBD0026EE0E /* Sources */,
				565C6CE3299C5DBD0026EE0E /* Frameworks */,
				565C6CE4299C5DBD0026EE0E /* Resources */,
			);
			buildRules = (
			);
			dependencies = (
			);
			name = sit;
			productName = sit;
			productReference = 565C6CE6299C5DBD0026EE0E /* sit.app */;
			productType = "com.apple.product-type.application";
		};
		565C6CF5299C5DC00026EE0E /* sitTests */ = {
			isa = PBXNativeTarget;
			buildConfigurationList = 565C6D0D299C5DC00026EE0E /* Build configuration list for PBXNativeTarget "sitTests" */;
			buildPhases = (
				565C6CF2299C5DC00026EE0E /* Sources */,
				565C6CF3299C5DC00026EE0E /* Frameworks */,
				565C6CF4299C5DC00026EE0E /* Resources */,
			);
			buildRules = (
			);
			dependencies = (
				565C6CF8299C5DC00026EE0E /* PBXTargetDependency */,
			);
			name = sitTests;
			productName = sitTests;
			productReference = 565C6CF6299C5DC00026EE0E /* sitTests.xctest */;
			productType = "com.apple.product-type.bundle.unit-test";
		};
		565C6CFF299C5DC00026EE0E /* sitUITests */ = {
			isa = PBXNativeTarget;
			buildConfigurationList = 565C6D10299C5DC00026EE0E /* Build configuration list for PBXNativeTarget "sitUITests" */;
			buildPhases = (
				565C6CFC299C5DC00026EE0E /* Sources */,
				565C6CFD299C5DC00026EE0E /* Frameworks */,
				565C6CFE299C5DC00026EE0E /* Resources */,
			);
			buildRules = (
			);
			dependencies = (
				565C6D02299C5DC00026EE0E /* PBXTargetDependency */,
			);
			name = sitUITests;
			productName = sitUITests;
			productReference = 565C6D00299C5DC00026EE0E /* sitUITests.xctest */;
			productType = "com.apple.product-type.bundle.ui-testing";
		};
/* End PBXNativeTarget section */

/* Begin PBXProject section */
		565C6CDE299C5DBD0026EE0E /* Project object */ = {
			isa = PBXProject;
			attributes = {
				BuildIndependentTargetsInParallel = 1;
				LastSwiftUpdateCheck = 1410;
				LastUpgradeCheck = 1410;
				TargetAttributes = {
					565C6CE5299C5DBD0026EE0E = {
						CreatedOnToolsVersion = 14.1;
					};
					565C6CF5299C5DC00026EE0E = {
						CreatedOnToolsVersion = 14.1;
						TestTargetID = 565C6CE5299C5DBD0026EE0E;
					};
					565C6CFF299C5DC00026EE0E = {
						CreatedOnToolsVersion = 14.1;
						TestTargetID = 565C6CE5299C5DBD0026EE0E;
					};
				};
			};
			buildConfigurationList = 565C6CE1299C5DBD0026EE0E /* Build configuration list for PBXProject "sit" */;
			compatibilityVersion = "Xcode 14.0";
			developmentRegion = en;
			hasScannedForEncodings = 0;
			knownRegions = (
				en,
				Base,
			);
			mainGroup = 565C6CDD299C5DBD0026EE0E;
			productRefGroup = 565C6CE7299C5DBD0026EE0E /* Products */;
			projectDirPath = "";
			projectRoot = "";
			targets = (
				565C6CE5299C5DBD0026EE0E /* sit */,
				565C6CF5299C5DC00026EE0E /* sitTests */,
				565C6CFF299C5DC00026EE0E /* sitUITests */,
			);
		};
/* End PBXProject section */

/* Begin PBXResourcesBuildPhase section */
		565C6CE4299C5DBD0026EE0E /* Resources */ = {
			isa = PBXResourcesBuildPhase;
			buildActionMask = 2147483647;
			files = (
				565C6CF1299C5DC00026EE0E /* Preview Assets.xcassets in Resources */,
				565C6CEE299C5DC00026EE0E /* Assets.xcassets in Resources */,
			);
			runOnlyForDeploymentPostprocessing = 0;
		};
		565C6CF4299C5DC00026EE0E /* Resources */ = {
			isa = PBXResourcesBuildPhase;
			buildActionMask = 2147483647;
			files = (
			);
			runOnlyForDeploymentPostprocessing = 0;
		};
		565C6CFE299C5DC00026EE0E /* Resources */ = {
			isa = PBXResourcesBuildPhase;
			buildActionMask = 2147483647;
			files = (
			);
			runOnlyForDeploymentPostprocessing = 0;
		};
/* End PBXResourcesBuildPhase section */

/* Begin PBXSourcesBuildPhase section */
		565C6CE2299C5DBD0026EE0E /* Sources */ = {
			isa = PBXSourcesBuildPhase;
			buildActionMask = 2147483647;
			files = (
				565C6CEC299C5DBD0026EE0E /* ContentView.swift in Sources */,
				565C6CEA299C5DBD0026EE0E /* sitApp.swift in Sources */,
			);
			runOnlyForDeploymentPostprocessing = 0;
		};
		565C6CF2299C5DC00026EE0E /* Sources */ = {
			isa = PBXSourcesBuildPhase;
			buildActionMask = 2147483647;
			files = (
				565C6CFB299C5DC00026EE0E /* sitTests.swift in Sources */,
			);
			runOnlyForDeploymentPostprocessing = 0;
		};
		565C6CFC299C5DC00026EE0E /* Sources */ = {
			isa = PBXSourcesBuildPhase;
			buildActionMask = 2147483647;
			files = (
				565C6D05299C5DC00026EE0E /* sitUITests.swift in Sources */,
				565C6D07299C5DC00026EE0E /* sitUITestsLaunchTests.swift in Sources */,
			);
			runOnlyForDeploymentPostprocessing = 0;
		};
/* End PBXSourcesBuildPhase section */

/* Begin PBXTargetDependency section */
		565C6CF8299C5DC00026EE0E /* PBXTargetDependency */ = {
			isa = PBXTargetDependency;
			target = 565C6CE5299C5DBD0026EE0E /* sit */;
			targetProxy = 565C6CF7299C5DC00026EE0E /* PBXContainerItemProxy */;
		};
		565C6D02299C5DC00026EE0E /* PBXTargetDependency */ = {
			isa = PBXTargetDependency;
			target = 565C6CE5299C5DBD0026EE0E /* sit */;
			targetProxy = 565C6D01299C5DC00026EE0E /* PBXContainerItemProxy */;
		};
/* End PBXTargetDependency section */

/* Begin XCBuildConfiguration section */
		565C6D08299C5DC00026EE0E /* Debug */ = {
			isa = XCBuildConfiguration;
			buildSettings = {
				ALWAYS_SEARCH_USER_PATHS = NO;
				CLANG_ANALYZER_NONNULL = YES;
				CLANG_ANALYZER_NUMBER_OBJECT_CONVERSION = YES_AGGRESSIVE;
				CLANG_CXX_LANGUAGE_STANDARD = "gnu++20";
				CLANG_ENABLE_MODULES = YES;
				CLANG_ENABLE_OBJC_ARC = YES;
				CLANG_ENABLE_OBJC_WEAK = YES;
				CLANG_WARN_BLOCK_CAPTURE_AUTORELEASING = YES;
				CLANG_WARN_BOOL_CONVERSION = YES;
				CLANG_WARN_COMMA = YES;
				CLANG_WARN_CONSTANT_CONVERSION = YES;
				CLANG_WARN_DEPRECATED_OBJC_IMPLEMENTATIONS = YES;
				CLANG_WARN_DIRECT_OBJC_ISA_USAGE = YES_ERROR;
				CLANG_WARN_DOCUMENTATION_COMMENTS = YES;
				CLANG_WARN_EMPTY_BODY = YES;
				CLANG_WARN_ENUM_CONVERSION = YES;
				CLANG_WARN_INFINITE_RECURSION = YES;
				CLANG_WARN_INT_CONVERSION = YES;
				CLANG_WARN_NON_LITERAL_NULL_CONVERSION = YES;
				CLANG_WARN_OBJC_IMPLICIT_RETAIN_SELF = YES;
				CLANG_WARN_OBJC_LITERAL_CONVERSION = YES;
				CLANG_WARN_OBJC_ROOT_CLASS = YES_ERROR;
				CLANG_WARN_QUOTED_INCLUDE_IN_FRAMEWORK_HEADER = YES;
				CLANG_WARN_RANGE_LOOP_ANALYSIS = YES;
				CLANG_WARN_STRICT_PROTOTYPES = YES;
				CLANG_WARN_SUSPICIOUS_MOVE = YES;
				CLANG_WARN_UNGUARDED_AVAILABILITY = YES_AGGRESSIVE;
				CLANG_WARN_UNREACHABLE_CODE = YES;
				CLANG_WARN__DUPLICATE_METHOD_MATCH = YES;
				COPY_PHASE_STRIP = NO;
				DEBUG_INFORMATION_FORMAT = dwarf;
				ENABLE_STRICT_OBJC_MSGSEND = YES;
				ENABLE_TESTABILITY = YES;
				GCC_C_LANGUAGE_STANDARD = gnu11;
				GCC_DYNAMIC_NO_PIC = NO;
				GCC_NO_COMMON_BLOCKS = YES;
				GCC_OPTIMIZATION_LEVEL = 0;
				GCC_PREPROCESSOR_DEFINITIONS = (
					"DEBUG=1",
					"$(inherited)",
				);
				GCC_WARN_64_TO_32_BIT_CONVERSION = YES;
				GCC_WARN_ABOUT_RETURN_TYPE = YES_ERROR;
				GCC_WARN_UNDECLARED_SELECTOR = YES;
				GCC_WARN_UNINITIALIZED_AUTOS = YES_AGGRESSIVE;
				GCC_WARN_UNUSED_FUNCTION = YES;
				GCC_WARN_UNUSED_VARIABLE = YES;
				IPHONEOS_DEPLOYMENT_TARGET = 16.1;
				MTL_ENABLE_DEBUG_INFO = INCLUDE_SOURCE;
				MTL_FAST_MATH = YES;
				ONLY_ACTIVE_ARCH = YES;
				SDKROOT = iphoneos;
				SWIFT_ACTIVE_COMPILATION_CONDITIONS = DEBUG;
				SWIFT_OPTIMIZATION_LEVEL = "-Onone";
			};
			name = Debug;
		};
		565C6D09299C5DC00026EE0E /* Release */ = {
			isa = XCBuildConfiguration;
			buildSettings = {
				ALWAYS_SEARCH_USER_PATHS = NO;
				CLANG_ANALYZER_NONNULL = YES;
				CLANG_ANALYZER_NUMBER_OBJECT_CONVERSION = YES_AGGRESSIVE;
				CLANG_CXX_LANGUAGE_STANDARD = "gnu++20";
				CLANG_ENABLE_MODULES = YES;
				CLANG_ENABLE_OBJC_ARC = YES;
				CLANG_ENABLE_OBJC_WEAK = YES;
				CLANG_WARN_BLOCK_CAPTURE_AUTORELEASING = YES;
				CLANG_WARN_BOOL_CONVERSION = YES;
				CLANG_WARN_COMMA = YES;
				CLANG_WARN_CONSTANT_CONVERSION = YES;
				CLANG_WARN_DEPRECATED_OBJC_IMPLEMENTATIONS = YES;
				CLANG_WARN_DIRECT_OBJC_ISA_USAGE = YES_ERROR;
				CLANG_WARN_DOCUMENTATION_COMMENTS = YES;
				CLANG_WARN_EMPTY_BODY = YES;
				CLANG_WARN_ENUM_CONVERSION = YES;
				CLANG_WARN_INFINITE_RECURSION = YES;
				CLANG_WARN_INT_CONVERSION = YES;
				CLANG_WARN_NON_LITERAL_NULL_CONVERSION = YES;
				CLANG_WARN_OBJC_IMPLICIT_RETAIN_SELF = YES;
				CLANG_WARN_OBJC_LITERAL_CONVERSION = YES;
				CLANG_WARN_OBJC_ROOT_CLASS = YES_ERROR;
				CLANG_WARN_QUOTED_INCLUDE_IN_FRAMEWORK_HEADER = YES;
				CLANG_WARN_RANGE_LOOP_ANALYSIS = YES;
				CLANG_WARN_STRICT_PROTOTYPES = YES;
				CLANG_WARN_SUSPICIOUS_MOVE = YES;
				CLANG_WARN_UNGUARDED_AVAILABILITY = YES_AGGRESSIVE;
				CLANG_WARN_UNREACHABLE_CODE = YES;
				CLANG_WARN__DUPLICATE_METHOD_MATCH = YES;
				COPY_PHASE_STRIP = NO;
				DEBUG_INFORMATION_FORMAT = "dwarf-with-dsym";
				ENABLE_NS_ASSERTIONS = NO;
				ENABLE_STRICT_OBJC_MSGSEND = YES;
				GCC_C_LANGUAGE_STANDARD = gnu11;
				GCC_NO_COMMON_BLOCKS = YES;
				GCC_WARN_64_TO_32_BIT_CONVERSION = YES;
				GCC_WARN_ABOUT_RETURN_TYPE = YES_ERROR;
				GCC_WARN_UNDECLARED_SELECTOR = YES;
				GCC_WARN_UNINITIALIZED_AUTOS = YES_AGGRESSIVE;
				GCC_WARN_UNUSED_FUNCTION = YES;
				GCC_WARN_UNUSED_VARIABLE = YES;
				IPHONEOS_DEPLOYMENT_TARGET = 16.1;
				MTL_ENABLE_DEBUG_INFO = NO;
				MTL_FAST_MATH = YES;
				SDKROOT = iphoneos;
				SWIFT_COMPILATION_MODE = wholemodule;
				SWIFT_OPTIMIZATION_LEVEL = "-O";
				VALIDATE_PRODUCT = YES;
			};
			name = Release;
		};
		565C6D0B299C5DC00026EE0E /* Debug */ = {
			isa = XCBuildConfiguration;
			buildSettings = {
				ASSETCATALOG_COMPILER_APPICON_NAME = AppIcon;
				ASSETCATALOG_COMPILER_GLOBAL_ACCENT_COLOR_NAME = AccentColor;
				CODE_SIGN_STYLE = Automatic;
				CURRENT_PROJECT_VERSION = 1;
				DEVELOPMENT_ASSET_PATHS = "\"sit/Preview Content\"";
				DEVELOPMENT_TEAM = C45QVX24HL;
				ENABLE_PREVIEWS = YES;
				GENERATE_INFOPLIST_FILE = YES;
				INFOPLIST_KEY_UIApplicationSceneManifest_Generation = YES;
				INFOPLIST_KEY_UIApplicationSupportsIndirectInputEvents = YES;
				INFOPLIST_KEY_UILaunchScreen_Generation = YES;
				INFOPLIST_KEY_UISupportedInterfaceOrientations_iPad = "UIInterfaceOrientationPortrait UIInterfaceOrientationPortraitUpsideDown UIInterfaceOrientationLandscapeLeft UIInterfaceOrientationLandscapeRight";
				INFOPLIST_KEY_UISupportedInterfaceOrientations_iPhone = "UIInterfaceOrientationPortrait UIInterfaceOrientationLandscapeLeft UIInterfaceOrientationLandscapeRight";
				LD_RUNPATH_SEARCH_PATHS = (
					"$(inherited)",
					"@executable_path/Frameworks",
				);
				MARKETING_VERSION = 1.0;
				PRODUCT_BUNDLE_IDENTIFIER = com.toolkit.sit;
				PRODUCT_NAME = "$(TARGET_NAME)";
				SWIFT_EMIT_LOC_STRINGS = YES;
				SWIFT_VERSION = 5.0;
				TARGETED_DEVICE_FAMILY = "1,2";
			};
			name = Debug;
		};
		565C6D0C299C5DC00026EE0E /* Release */ = {
			isa = XCBuildConfiguration;
			buildSettings = {
				ASSETCATALOG_COMPILER_APPICON_NAME = AppIcon;
				ASSETCATALOG_COMPILER_GLOBAL_ACCENT_COLOR_NAME = AccentColor;
				CODE_SIGN_STYLE = Automatic;
				CURRENT_PROJECT_VERSION = 1;
				DEVELOPMENT_ASSET_PATHS = "\"sit/Preview Content\"";
				DEVELOPMENT_TEAM = C45QVX24HL;
				ENABLE_PREVIEWS = YES;
				GENERATE_INFOPLIST_FILE = YES;
				INFOPLIST_KEY_UIApplicationSceneManifest_Generation = YES;
				INFOPLIST_KEY_UIApplicationSupportsIndirectInputEvents = YES;
				INFOPLIST_KEY_UILaunchScreen_Generation = YES;
				INFOPLIST_KEY_UISupportedInterfaceOrientations_iPad = "UIInterfaceOrientationPortrait UIInterfaceOrientationPortraitUpsideDown UIInterfaceOrientationLandscapeLeft UIInterfaceOrientationLandscapeRight";
				INFOPLIST_KEY_UISupportedInterfaceOrientations_iPhone = "UIInterfaceOrientationPortrait UIInterfaceOrientationLandscapeLeft UIInterfaceOrientationLandscapeRight";
				LD_RUNPATH_SEARCH_PATHS = (
					"$(inherited)",
					"@executable_path/Frameworks",
				);
				MARKETING_VERSION = 1.0;
				PRODUCT_BUNDLE_IDENTIFIER = com.toolkit.sit;
				PRODUCT_NAME = "$(TARGET_NAME)";
				SWIFT_EMIT_LOC_STRINGS = YES;
				SWIFT_VERSION = 5.0;
				TARGETED_DEVICE_FAMILY = "1,2";
			};
			name = Release;
		};
		565C6D0E299C5DC00026EE0E /* Debug */ = {
			isa = XCBuildConfiguration;
			buildSettings = {
				ALWAYS_EMBED_SWIFT_STANDARD_LIBRARIES = YES;
				BUNDLE_LOADER = "$(TEST_HOST)";
				CODE_SIGN_STYLE = Automatic;
				CURRENT_PROJECT_VERSION = 1;
				DEVELOPMENT_TEAM = C45QVX24HL;
				GENERATE_INFOPLIST_FILE = YES;
				IPHONEOS_DEPLOYMENT_TARGET = 16.1;
				MARKETING_VERSION = 1.0;
				PRODUCT_BUNDLE_IDENTIFIER = com.toolkit.sitTests;
				PRODUCT_NAME = "$(TARGET_NAME)";
				SWIFT_EMIT_LOC_STRINGS = NO;
				SWIFT_VERSION = 5.0;
				TARGETED_DEVICE_FAMILY = "1,2";
				TEST_HOST = "$(BUILT_PRODUCTS_DIR)/sit.app/$(BUNDLE_EXECUTABLE_FOLDER_PATH)/sit";
			};
			name = Debug;
		};
		565C6D0F299C5DC00026EE0E /* Release */ = {
			isa = XCBuildConfiguration;
			buildSettings = {
				ALWAYS_EMBED_SWIFT_STANDARD_LIBRARIES = YES;
				BUNDLE_LOADER = "$(TEST_HOST)";
				CODE_SIGN_STYLE = Automatic;
				CURRENT_PROJECT_VERSION = 1;
				DEVELOPMENT_TEAM = C45QVX24HL;
				GENERATE_INFOPLIST_FILE = YES;
				IPHONEOS_DEPLOYMENT_TARGET = 16.1;
				MARKETING_VERSION = 1.0;
				PRODUCT_BUNDLE_IDENTIFIER = com.toolkit.sitTests;
				PRODUCT_NAME = "$(TARGET_NAME)";
				SWIFT_EMIT_LOC_STRINGS = NO;
				SWIFT_VERSION = 5.0;
				TARGETED_DEVICE_FAMILY = "1,2";
				TEST_HOST = "$(BUILT_PRODUCTS_DIR)/sit.app/$(BUNDLE_EXECUTABLE_FOLDER_PATH)/sit";
			};
			name = Release;
		};
		565C6D11299C5DC00026EE0E /* Debug */ = {
			isa = XCBuildConfiguration;
			buildSettings = {
				ALWAYS_EMBED_SWIFT_STANDARD_LIBRARIES = YES;
				CODE_SIGN_STYLE = Automatic;
				CURRENT_PROJECT_VERSION = 1;
				DEVELOPMENT_TEAM = C45QVX24HL;
				GENERATE_INFOPLIST_FILE = YES;
				MARKETING_VERSION = 1.0;
				PRODUCT_BUNDLE_IDENTIFIER = com.toolkit.sitUITests;
				PRODUCT_NAME = "$(TARGET_NAME)";
				SWIFT_EMIT_LOC_STRINGS = NO;
				SWIFT_VERSION = 5.0;
				TARGETED_DEVICE_FAMILY = "1,2";
				TEST_TARGET_NAME = sit;
			};
			name = Debug;
		};
		565C6D12299C5DC00026EE0E /* Release */ = {
			isa = XCBuildConfiguration;
			buildSettings = {
				ALWAYS_EMBED_SWIFT_STANDARD_LIBRARIES = YES;
				CODE_SIGN_STYLE = Automatic;
				CURRENT_PROJECT_VERSION = 1;
				DEVELOPMENT_TEAM = C45QVX24HL;
				GENERATE_INFOPLIST_FILE = YES;
				MARKETING_VERSION = 1.0;
				PRODUCT_BUNDLE_IDENTIFIER = com.toolkit.sitUITests;
				PRODUCT_NAME = "$(TARGET_NAME)";
				SWIFT_EMIT_LOC_STRINGS = NO;
				SWIFT_VERSION = 5.0;
				TARGETED_DEVICE_FAMILY = "1,2";
				TEST_TARGET_NAME = sit;
			};
			name = Release;
		};
/* End XCBuildConfiguration section */

/* Begin XCConfigurationList section */
		565C6CE1299C5DBD0026EE0E /* Build configuration list for PBXProject "sit" */ = {
			isa = XCConfigurationList;
			buildConfigurations = (
				565C6D08299C5DC00026EE0E /* Debug */,
				565C6D09299C5DC00026EE0E /* Release */,
			);
			defaultConfigurationIsVisible = 0;
			defaultConfigurationName = Release;
		};
		565C6D0A299C5DC00026EE0E /* Build configuration list for PBXNativeTarget "sit" */ = {
			isa = XCConfigurationList;
			buildConfigurations = (
				565C6D0B299C5DC00026EE0E /* Debug */,
				565C6D0C299C5DC00026EE0E /* Release */,
			);
			defaultConfigurationIsVisible = 0;
			defaultConfigurationName = Release;
		};
		565C6D0D299C5DC00026EE0E /* Build configuration list for PBXNativeTarget "sitTests" */ = {
			isa = XCConfigurationList;
			buildConfigurations = (
				565C6D0E299C5DC00026EE0E /* Debug */,
				565C6D0F299C5DC00026EE0E /* Release */,
			);
			defaultConfigurationIsVisible = 0;
			defaultConfigurationName = Release;
		};
		565C6D10299C5DC00026EE0E /* Build configuration list for PBXNativeTarget "sitUITests" */ = {
			isa = XCConfigurationList;
			buildConfigurations = (
				565C6D11299C5DC00026EE0E /* Debug */,
				565C6D12299C5DC00026EE0E /* Release */,
			);
			defaultConfigurationIsVisible = 0;
			defaultConfigurationName = Release;
		};
/* End XCConfigurationList section */
	};
	rootObject = 565C6CDE299C5DBD0026EE0E /* Project object */;
}
